
Microsoft Visual Studio Solution File, Format Version 12.00
# Visual Studio 2013
VisualStudioVersion = 12.0.31101.0
MinimumVisualStudioVersion = 10.0.40219.1
Project("{FAE04EC0-301F-11D3-BF4B-00C04F79EFBC}") = "PrayerApp.API", "PrayerApp.API\PrayerApp.API.csproj", "{1CE504E8-D524-432F-9C56-A6CC280AB148}"
EndProject
Project("{FAE04EC0-301F-11D3-BF4B-00C04F79EFBC}") = "PrayerApp.Web", "PrayerApp.Web\PrayerApp.Web.csproj", "{E029BF6A-C875-4E00-8D9E-505A295945C4}"
EndProject
Global
	GlobalSection(SolutionConfigurationPlatforms) = preSolution
		Debug|Any CPU = Debug|Any CPU
		Release|Any CPU = Release|Any CPU
	EndGlobalSection
	GlobalSection(ProjectConfigurationPlatforms) = postSolution
		{1CE504E8-D524-432F-9C56-A6CC280AB148}.Debug|Any CPU.ActiveCfg = Debug|Any CPU
		{1CE504E8-D524-432F-9C56-A6CC280AB148}.Debug|Any CPU.Build.0 = Debug|Any CPU
		{1CE504E8-D524-432F-9C56-A6CC280AB148}.Release|Any CPU.ActiveCfg = Release|Any CPU
		{1CE504E8-D524-432F-9C56-A6CC280AB148}.Release|Any CPU.Build.0 = Release|Any CPU
		{E029BF6A-C875-4E00-8D9E-505A295945C4}.Debug|Any CPU.ActiveCfg = Debug|Any CPU
		{E029BF6A-C875-4E00-8D9E-505A295945C4}.Debug|Any CPU.Build.0 = Debug|Any CPU
		{E029BF6A-C875-4E00-8D9E-505A295945C4}.Release|Any CPU.ActiveCfg = Release|Any CPU
		{E029BF6A-C875-4E00-8D9E-505A295945C4}.Release|Any CPU.Build.0 = Release|Any CPU
	EndGlobalSection
	GlobalSection(SolutionProperties) = preSolution
		HideSolutionNode = FALSE
	EndGlobalSection
EndGlobal
